
Microsoft Visual Studio Solution File, Format Version 12.00
# Visual Studio 15
VisualStudioVersion = 15.0.27428.2002
MinimumVisualStudioVersion = 10.0.40219.1
Project("{FAE04EC0-301F-11D3-BF4B-00C04F79EFBC}") = "Righthand.Navigation", "Righthand.Navigation\Righthand.Navigation.csproj", "{AFC60189-52A9-4433-B331-A05AC0B41F11}"
EndProject
Project("{2150E333-8FDC-42A3-9474-1A3956D46DE8}") = "Misc", "Misc", "{5DB63227-3520-4278-A0EF-352AC9ACC2AA}"
	ProjectSection(SolutionItems) = preProject
		..\..\README.md = ..\..\README.md
	EndProjectSection
EndProject
Project("{FAE04EC0-301F-11D3-BF4B-00C04F79EFBC}") = "Righthand.Navigation.Test", "Righthand.Navigation.Test\Righthand.Navigation.Test.csproj", "{AABCB32C-47F7-4075-91CB-8ED8239BA839}"
EndProject
Project("{2150E333-8FDC-42A3-9474-1A3956D46DE8}") = "Sample", "Sample", "{12736D5B-B742-44C4-ACB7-D6065EBEAACC}"
EndProject
Project("{FAE04EC0-301F-11D3-BF4B-00C04F79EFBC}") = "Righthand.Navigation.Sample", "Sample\Righthand.Navigation.Sample\Righthand.Navigation.Sample.csproj", "{83C30202-6402-483B-8097-4B4C199897ED}"
EndProject
Project("{FAE04EC0-301F-11D3-BF4B-00C04F79EFBC}") = "Righthand.Navigation.Sample.Droid", "Sample\Righthand.Navigation.Sample.Droid\Righthand.Navigation.Sample.Droid.csproj", "{00A3A11E-9ED1-4A6F-AE9E-F1932636FFE1}"
EndProject
Global
	GlobalSection(SolutionConfigurationPlatforms) = preSolution
		Debug|Any CPU = Debug|Any CPU
		Release|Any CPU = Release|Any CPU
	EndGlobalSection
	GlobalSection(ProjectConfigurationPlatforms) = postSolution
		{AFC60189-52A9-4433-B331-A05AC0B41F11}.Debug|Any CPU.ActiveCfg = Debug|Any CPU
		{AFC60189-52A9-4433-B331-A05AC0B41F11}.Debug|Any CPU.Build.0 = Debug|Any CPU
		{AFC60189-52A9-4433-B331-A05AC0B41F11}.Release|Any CPU.ActiveCfg = Release|Any CPU
		{AFC60189-52A9-4433-B331-A05AC0B41F11}.Release|Any CPU.Build.0 = Release|Any CPU
		{AABCB32C-47F7-4075-91CB-8ED8239BA839}.Debug|Any CPU.ActiveCfg = Debug|Any CPU
		{AABCB32C-47F7-4075-91CB-8ED8239BA839}.Debug|Any CPU.Build.0 = Debug|Any CPU
		{AABCB32C-47F7-4075-91CB-8ED8239BA839}.Release|Any CPU.ActiveCfg = Release|Any CPU
		{AABCB32C-47F7-4075-91CB-8ED8239BA839}.Release|Any CPU.Build.0 = Release|Any CPU
		{83C30202-6402-483B-8097-4B4C199897ED}.Debug|Any CPU.ActiveCfg = Debug|Any CPU
		{83C30202-6402-483B-8097-4B4C199897ED}.Debug|Any CPU.Build.0 = Debug|Any CPU
		{83C30202-6402-483B-8097-4B4C199897ED}.Release|Any CPU.ActiveCfg = Release|Any CPU
		{83C30202-6402-483B-8097-4B4C199897ED}.Release|Any CPU.Build.0 = Release|Any CPU
		{00A3A11E-9ED1-4A6F-AE9E-F1932636FFE1}.Debug|Any CPU.ActiveCfg = Debug|Any CPU
		{00A3A11E-9ED1-4A6F-AE9E-F1932636FFE1}.Debug|Any CPU.Build.0 = Debug|Any CPU
		{00A3A11E-9ED1-4A6F-AE9E-F1932636FFE1}.Debug|Any CPU.Deploy.0 = Debug|Any CPU
		{00A3A11E-9ED1-4A6F-AE9E-F1932636FFE1}.Release|Any CPU.ActiveCfg = Release|Any CPU
		{00A3A11E-9ED1-4A6F-AE9E-F1932636FFE1}.Release|Any CPU.Build.0 = Release|Any CPU
		{00A3A11E-9ED1-4A6F-AE9E-F1932636FFE1}.Release|Any CPU.Deploy.0 = Release|Any CPU
	EndGlobalSection
	GlobalSection(SolutionProperties) = preSolution
		HideSolutionNode = FALSE
	EndGlobalSection
	GlobalSection(NestedProjects) = preSolution
		{83C30202-6402-483B-8097-4B4C199897ED} = {12736D5B-B742-44C4-ACB7-D6065EBEAACC}
		{00A3A11E-9ED1-4A6F-AE9E-F1932636FFE1} = {12736D5B-B742-44C4-ACB7-D6065EBEAACC}
	EndGlobalSection
	GlobalSection(ExtensibilityGlobals) = postSolution
		SolutionGuid = {E499053C-8CE0-4D71-82FB-2D07A1E5F860}
	EndGlobalSection
EndGlobal
